
Microsoft Visual Studio Solution File, Format Version 12.00
Project("{FAE04EC0-301F-11D3-BF4B-00C04F79EFBC}") = "Lykke.Common.ExchangeAdapter", "src\Lykke.Common.ExchangeAdapter\Lykke.Common.ExchangeAdapter.csproj", "{11825C59-4F4B-4427-BEE7-A210559F041A}"
EndProject
Project("{FAE04EC0-301F-11D3-BF4B-00C04F79EFBC}") = "Lykke.Common.ExchangeAdapter.Grpc", "src\Lykke.Common.ExchangeAdapter.Grpc\Lykke.Common.ExchangeAdapter.Grpc.csproj", "{84505630-A394-4A19-8A4A-5AF7DC699145}"
EndProject
Project("{FAE04EC0-301F-11D3-BF4B-00C04F79EFBC}") = "Lykke.Common.ExchangeAdapter.Client", "src\Lykke.Common.ExchangeAdapter.Client\Lykke.Common.ExchangeAdapter.Client.csproj", "{4037ACE8-8860-4CE2-AFFC-8F0D027FBE25}"
EndProject
Project("{FAE04EC0-301F-11D3-BF4B-00C04F79EFBC}") = "Lykke.Common.ExchangeAdapter.Tests", "tests\Lykke.Common.ExchangeAdapter.Tests\Lykke.Common.ExchangeAdapter.Tests.csproj", "{24F46D2F-6FD5-49B7-9026-2A4EC6EA680D}"
EndProject
Global
	GlobalSection(SolutionConfigurationPlatforms) = preSolution
		Debug|Any CPU = Debug|Any CPU
		Release|Any CPU = Release|Any CPU
	EndGlobalSection
	GlobalSection(ProjectConfigurationPlatforms) = postSolution
		{11825C59-4F4B-4427-BEE7-A210559F041A}.Debug|Any CPU.ActiveCfg = Debug|Any CPU
		{11825C59-4F4B-4427-BEE7-A210559F041A}.Debug|Any CPU.Build.0 = Debug|Any CPU
		{11825C59-4F4B-4427-BEE7-A210559F041A}.Release|Any CPU.ActiveCfg = Release|Any CPU
		{11825C59-4F4B-4427-BEE7-A210559F041A}.Release|Any CPU.Build.0 = Release|Any CPU
		{84505630-A394-4A19-8A4A-5AF7DC699145}.Debug|Any CPU.ActiveCfg = Debug|Any CPU
		{84505630-A394-4A19-8A4A-5AF7DC699145}.Debug|Any CPU.Build.0 = Debug|Any CPU
		{84505630-A394-4A19-8A4A-5AF7DC699145}.Release|Any CPU.ActiveCfg = Release|Any CPU
		{84505630-A394-4A19-8A4A-5AF7DC699145}.Release|Any CPU.Build.0 = Release|Any CPU
		{4037ACE8-8860-4CE2-AFFC-8F0D027FBE25}.Debug|Any CPU.ActiveCfg = Debug|Any CPU
		{4037ACE8-8860-4CE2-AFFC-8F0D027FBE25}.Debug|Any CPU.Build.0 = Debug|Any CPU
		{4037ACE8-8860-4CE2-AFFC-8F0D027FBE25}.Release|Any CPU.ActiveCfg = Release|Any CPU
		{4037ACE8-8860-4CE2-AFFC-8F0D027FBE25}.Release|Any CPU.Build.0 = Release|Any CPU
		{24F46D2F-6FD5-49B7-9026-2A4EC6EA680D}.Debug|Any CPU.ActiveCfg = Debug|Any CPU
		{24F46D2F-6FD5-49B7-9026-2A4EC6EA680D}.Debug|Any CPU.Build.0 = Debug|Any CPU
		{24F46D2F-6FD5-49B7-9026-2A4EC6EA680D}.Release|Any CPU.ActiveCfg = Release|Any CPU
		{24F46D2F-6FD5-49B7-9026-2A4EC6EA680D}.Release|Any CPU.Build.0 = Release|Any CPU
	EndGlobalSection
EndGlobal
